// !$*UTF8*$!
{
	archiveVersion = 1;
	classes = {
	};
	objectVersion = 48;
	objects = {

/* Begin PBXBuildFile section */
		635506B31FE88270009CAE17 /* ProductsViewTableViewController.swift in Sources */ = {isa = PBXBuildFile; fileRef = 635506B21FE88270009CAE17 /* ProductsViewTableViewController.swift */; };
		638007451FED354D00BFA6C8 /* CustomPage.swift in Sources */ = {isa = PBXBuildFile; fileRef = 638007411FED354C00BFA6C8 /* CustomPage.swift */; };
		638007461FED354D00BFA6C8 /* CustomOverlay.swift in Sources */ = {isa = PBXBuildFile; fileRef = 638007421FED354C00BFA6C8 /* CustomOverlay.swift */; };
		638007471FED354D00BFA6C8 /* CustomOverlay.xib in Resources */ = {isa = PBXBuildFile; fileRef = 638007431FED354D00BFA6C8 /* CustomOverlay.xib */; };
		638007481FED354D00BFA6C8 /* CustomPage.xib in Resources */ = {isa = PBXBuildFile; fileRef = 638007441FED354D00BFA6C8 /* CustomPage.xib */; };
		6380074A1FED5BBF00BFA6C8 /* Fonts in Resources */ = {isa = PBXBuildFile; fileRef = 638007491FED5BBF00BFA6C8 /* Fonts */; };
		638007571FED5C6400BFA6C8 /* effra_bold-webfont.ttf in Resources */ = {isa = PBXBuildFile; fileRef = 6380074B1FED5C6200BFA6C8 /* effra_bold-webfont.ttf */; };
		638007581FED5C6400BFA6C8 /* effra_regular-webfont.svg in Resources */ = {isa = PBXBuildFile; fileRef = 6380074C1FED5C6300BFA6C8 /* effra_regular-webfont.svg */; };
		638007591FED5C6400BFA6C8 /* effra_regular-webfont.eot in Resources */ = {isa = PBXBuildFile; fileRef = 6380074D1FED5C6300BFA6C8 /* effra_regular-webfont.eot */; };
		6380075A1FED5C6400BFA6C8 /* effra_medium-webfont.svg in Resources */ = {isa = PBXBuildFile; fileRef = 6380074E1FED5C6300BFA6C8 /* effra_medium-webfont.svg */; };
		6380075B1FED5C6400BFA6C8 /* effra_regular-webfont.ttf in Resources */ = {isa = PBXBuildFile; fileRef = 6380074F1FED5C6300BFA6C8 /* effra_regular-webfont.ttf */; };
		6380075C1FED5C6400BFA6C8 /* effra_bold-webfont.woff in Resources */ = {isa = PBXBuildFile; fileRef = 638007501FED5C6300BFA6C8 /* effra_bold-webfont.woff */; };
		6380075D1FED5C6400BFA6C8 /* effra_regular-webfont.woff in Resources */ = {isa = PBXBuildFile; fileRef = 638007511FED5C6300BFA6C8 /* effra_regular-webfont.woff */; };
		6380075E1FED5C6400BFA6C8 /* effra_medium-webfont.eot in Resources */ = {isa = PBXBuildFile; fileRef = 638007521FED5C6400BFA6C8 /* effra_medium-webfont.eot */; };
		6380075F1FED5C6400BFA6C8 /* effra_bold-webfont.eot in Resources */ = {isa = PBXBuildFile; fileRef = 638007531FED5C6400BFA6C8 /* effra_bold-webfont.eot */; };
		638007601FED5C6400BFA6C8 /* effra_bold-webfont.svg in Resources */ = {isa = PBXBuildFile; fileRef = 638007541FED5C6400BFA6C8 /* effra_bold-webfont.svg */; };
		638007611FED5C6400BFA6C8 /* effra_medium-webfont.ttf in Resources */ = {isa = PBXBuildFile; fileRef = 638007551FED5C6400BFA6C8 /* effra_medium-webfont.ttf */; };
		638007621FED5C6400BFA6C8 /* effra_medium-webfont.woff in Resources */ = {isa = PBXBuildFile; fileRef = 638007561FED5C6400BFA6C8 /* effra_medium-webfont.woff */; };
		63AB4C8D1FE3F14A002D7DB4 /* AppDelegate.swift in Sources */ = {isa = PBXBuildFile; fileRef = 63AB4C8C1FE3F14A002D7DB4 /* AppDelegate.swift */; };
		63AB4C8F1FE3F14A002D7DB4 /* ViewController.swift in Sources */ = {isa = PBXBuildFile; fileRef = 63AB4C8E1FE3F14A002D7DB4 /* ViewController.swift */; };
		63AB4C921FE3F14A002D7DB4 /* Main.storyboard in Resources */ = {isa = PBXBuildFile; fileRef = 63AB4C901FE3F14A002D7DB4 /* Main.storyboard */; };
		63AB4C941FE3F14A002D7DB4 /* Assets.xcassets in Resources */ = {isa = PBXBuildFile; fileRef = 63AB4C931FE3F14A002D7DB4 /* Assets.xcassets */; };
		63AB4C971FE3F14A002D7DB4 /* LaunchScreen.storyboard in Resources */ = {isa = PBXBuildFile; fileRef = 63AB4C951FE3F14A002D7DB4 /* LaunchScreen.storyboard */; };
		63AB4CA21FE3F14A002D7DB4 /* MegaLivelyShoeTests.swift in Sources */ = {isa = PBXBuildFile; fileRef = 63AB4CA11FE3F14A002D7DB4 /* MegaLivelyShoeTests.swift */; };
		63AB4CAD1FE3F14A002D7DB4 /* MegaLivelyShoeUITests.swift in Sources */ = {isa = PBXBuildFile; fileRef = 63AB4CAC1FE3F14A002D7DB4 /* MegaLivelyShoeUITests.swift */; };
		63F5D21F1FE9D995005AF097 /* IQKeyboardManagerSwift.framework in Frameworks */ = {isa = PBXBuildFile; fileRef = 63F5D2201FE9D995005AF097 /* IQKeyboardManagerSwift.framework */; };
		63F5D2211FE9DA1C005AF097 /* Alamofire.framework in Frameworks */ = {isa = PBXBuildFile; fileRef = 63F5D2221FE9DA1C005AF097 /* Alamofire.framework */; };
		812A9BDC2D9D65BB07A0038B /* Pods_MegaLivelyShoe.framework in Frameworks */ = {isa = PBXBuildFile; fileRef = 1158D498EB3998BB4055A443 /* Pods_MegaLivelyShoe.framework */; };
/* End PBXBuildFile section */

/* Begin PBXContainerItemProxy section */
		63AB4C9E1FE3F14A002D7DB4 /* PBXContainerItemProxy */ = {
			isa = PBXContainerItemProxy;
			containerPortal = 63AB4C811FE3F149002D7DB4 /* Project object */;
			proxyType = 1;
			remoteGlobalIDString = 63AB4C881FE3F149002D7DB4;
			remoteInfo = MegaLivelyShoe;
		};
		63AB4CA91FE3F14A002D7DB4 /* PBXContainerItemProxy */ = {
			isa = PBXContainerItemProxy;
			containerPortal = 63AB4C811FE3F149002D7DB4 /* Project object */;
			proxyType = 1;
			remoteGlobalIDString = 63AB4C881FE3F149002D7DB4;
			remoteInfo = MegaLivelyShoe;
		};
/* End PBXContainerItemProxy section */

/* Begin PBXFileReference section */
		1158D498EB3998BB4055A443 /* Pods_MegaLivelyShoe.framework */ = {isa = PBXFileReference; explicitFileType = wrapper.framework; includeInIndex = 0; path = Pods_MegaLivelyShoe.framework; sourceTree = BUILT_PRODUCTS_DIR; };
		635506AD1FE86F06009CAE17 /* SQLite.framework */ = {isa = PBXFileReference; explicitFileType = wrapper.framework; path = SQLite.framework; sourceTree = BUILT_PRODUCTS_DIR; };
		635506B21FE88270009CAE17 /* ProductsViewTableViewController.swift */ = {isa = PBXFileReference; lastKnownFileType = sourcecode.swift; path = ProductsViewTableViewController.swift; sourceTree = "<group>"; };
		638007411FED354C00BFA6C8 /* CustomPage.swift */ = {isa = PBXFileReference; fileEncoding = 4; lastKnownFileType = sourcecode.swift; path = CustomPage.swift; sourceTree = "<group>"; };
		638007421FED354C00BFA6C8 /* CustomOverlay.swift */ = {isa = PBXFileReference; fileEncoding = 4; lastKnownFileType = sourcecode.swift; path = CustomOverlay.swift; sourceTree = "<group>"; };
		638007431FED354D00BFA6C8 /* CustomOverlay.xib */ = {isa = PBXFileReference; fileEncoding = 4; lastKnownFileType = file.xib; path = CustomOverlay.xib; sourceTree = "<group>"; };
		638007441FED354D00BFA6C8 /* CustomPage.xib */ = {isa = PBXFileReference; fileEncoding = 4; lastKnownFileType = file.xib; path = CustomPage.xib; sourceTree = "<group>"; };
		638007491FED5BBF00BFA6C8 /* Fonts */ = {isa = PBXFileReference; lastKnownFileType = folder; path = Fonts; sourceTree = SOURCE_ROOT; };
		6380074B1FED5C6200BFA6C8 /* effra_bold-webfont.ttf */ = {isa = PBXFileReference; lastKnownFileType = file; name = "effra_bold-webfont.ttf"; path = "Fonts/effra_bold-webfont.ttf"; sourceTree = "<group>"; };
		6380074C1FED5C6300BFA6C8 /* effra_regular-webfont.svg */ = {isa = PBXFileReference; lastKnownFileType = text.xml; name = "effra_regular-webfont.svg"; path = "Fonts/effra_regular-webfont.svg"; sourceTree = "<group>"; };
		6380074D1FED5C6300BFA6C8 /* effra_regular-webfont.eot */ = {isa = PBXFileReference; lastKnownFileType = file; name = "effra_regular-webfont.eot"; path = "Fonts/effra_regular-webfont.eot"; sourceTree = "<group>"; };
		6380074E1FED5C6300BFA6C8 /* effra_medium-webfont.svg */ = {isa = PBXFileReference; lastKnownFileType = text.xml; name = "effra_medium-webfont.svg"; path = "Fonts/effra_medium-webfont.svg"; sourceTree = "<group>"; };
		6380074F1FED5C6300BFA6C8 /* effra_regular-webfont.ttf */ = {isa = PBXFileReference; lastKnownFileType = file; name = "effra_regular-webfont.ttf"; path = "Fonts/effra_regular-webfont.ttf"; sourceTree = "<group>"; };
		638007501FED5C6300BFA6C8 /* effra_bold-webfont.woff */ = {isa = PBXFileReference; lastKnownFileType = file; name = "effra_bold-webfont.woff"; path = "Fonts/effra_bold-webfont.woff"; sourceTree = "<group>"; };
		638007511FED5C6300BFA6C8 /* effra_regular-webfont.woff */ = {isa = PBXFileReference; lastKnownFileType = file; name = "effra_regular-webfont.woff"; path = "Fonts/effra_regular-webfont.woff"; sourceTree = "<group>"; };
		638007521FED5C6400BFA6C8 /* effra_medium-webfont.eot */ = {isa = PBXFileReference; lastKnownFileType = file; name = "effra_medium-webfont.eot"; path = "Fonts/effra_medium-webfont.eot"; sourceTree = "<group>"; };
		638007531FED5C6400BFA6C8 /* effra_bold-webfont.eot */ = {isa = PBXFileReference; lastKnownFileType = file; name = "effra_bold-webfont.eot"; path = "Fonts/effra_bold-webfont.eot"; sourceTree = "<group>"; };
		638007541FED5C6400BFA6C8 /* effra_bold-webfont.svg */ = {isa = PBXFileReference; lastKnownFileType = text.xml; name = "effra_bold-webfont.svg"; path = "Fonts/effra_bold-webfont.svg"; sourceTree = "<group>"; };
		638007551FED5C6400BFA6C8 /* effra_medium-webfont.ttf */ = {isa = PBXFileReference; lastKnownFileType = file; name = "effra_medium-webfont.ttf"; path = "Fonts/effra_medium-webfont.ttf"; sourceTree = "<group>"; };
		638007561FED5C6400BFA6C8 /* effra_medium-webfont.woff */ = {isa = PBXFileReference; lastKnownFileType = file; name = "effra_medium-webfont.woff"; path = "Fonts/effra_medium-webfont.woff"; sourceTree = "<group>"; };
		63AB4C891FE3F149002D7DB4 /* MegaLivelyShoe.app */ = {isa = PBXFileReference; explicitFileType = wrapper.application; includeInIndex = 0; path = MegaLivelyShoe.app; sourceTree = BUILT_PRODUCTS_DIR; };
		63AB4C8C1FE3F14A002D7DB4 /* AppDelegate.swift */ = {isa = PBXFileReference; lastKnownFileType = sourcecode.swift; path = AppDelegate.swift; sourceTree = "<group>"; };
		63AB4C8E1FE3F14A002D7DB4 /* ViewController.swift */ = {isa = PBXFileReference; lastKnownFileType = sourcecode.swift; path = ViewController.swift; sourceTree = "<group>"; };
		63AB4C911FE3F14A002D7DB4 /* Base */ = {isa = PBXFileReference; lastKnownFileType = file.storyboard; name = Base; path = Base.lproj/Main.storyboard; sourceTree = "<group>"; };
		63AB4C931FE3F14A002D7DB4 /* Assets.xcassets */ = {isa = PBXFileReference; lastKnownFileType = folder.assetcatalog; path = Assets.xcassets; sourceTree = "<group>"; };
		63AB4C961FE3F14A002D7DB4 /* Base */ = {isa = PBXFileReference; lastKnownFileType = file.storyboard; name = Base; path = Base.lproj/LaunchScreen.storyboard; sourceTree = "<group>"; };
		63AB4C981FE3F14A002D7DB4 /* Info.plist */ = {isa = PBXFileReference; lastKnownFileType = text.plist.xml; path = Info.plist; sourceTree = "<group>"; };
		63AB4C9D1FE3F14A002D7DB4 /* MegaLivelyShoeTests.xctest */ = {isa = PBXFileReference; explicitFileType = wrapper.cfbundle; includeInIndex = 0; path = MegaLivelyShoeTests.xctest; sourceTree = BUILT_PRODUCTS_DIR; };
		63AB4CA11FE3F14A002D7DB4 /* MegaLivelyShoeTests.swift */ = {isa = PBXFileReference; lastKnownFileType = sourcecode.swift; path = MegaLivelyShoeTests.swift; sourceTree = "<group>"; };
		63AB4CA31FE3F14A002D7DB4 /* Info.plist */ = {isa = PBXFileReference; lastKnownFileType = text.plist.xml; path = Info.plist; sourceTree = "<group>"; };
		63AB4CA81FE3F14A002D7DB4 /* MegaLivelyShoeUITests.xctest */ = {isa = PBXFileReference; explicitFileType = wrapper.cfbundle; includeInIndex = 0; path = MegaLivelyShoeUITests.xctest; sourceTree = BUILT_PRODUCTS_DIR; };
		63AB4CAC1FE3F14A002D7DB4 /* MegaLivelyShoeUITests.swift */ = {isa = PBXFileReference; lastKnownFileType = sourcecode.swift; path = MegaLivelyShoeUITests.swift; sourceTree = "<group>"; };
		63AB4CAE1FE3F14A002D7DB4 /* Info.plist */ = {isa = PBXFileReference; lastKnownFileType = text.plist.xml; path = Info.plist; sourceTree = "<group>"; };
		63F5D2141FE9D764005AF097 /* Alamofire.framework */ = {isa = PBXFileReference; explicitFileType = wrapper.framework; path = Alamofire.framework; sourceTree = BUILT_PRODUCTS_DIR; };
		63F5D2201FE9D995005AF097 /* IQKeyboardManagerSwift.framework */ = {isa = PBXFileReference; explicitFileType = wrapper.framework; path = IQKeyboardManagerSwift.framework; sourceTree = BUILT_PRODUCTS_DIR; };
		63F5D2221FE9DA1C005AF097 /* Alamofire.framework */ = {isa = PBXFileReference; explicitFileType = wrapper.framework; path = Alamofire.framework; sourceTree = BUILT_PRODUCTS_DIR; };
		E4507D5BD06C493D925BC7DC /* Pods-MegaLivelyShoe.release.xcconfig */ = {isa = PBXFileReference; includeInIndex = 1; lastKnownFileType = text.xcconfig; name = "Pods-MegaLivelyShoe.release.xcconfig"; path = "Pods/Target Support Files/Pods-MegaLivelyShoe/Pods-MegaLivelyShoe.release.xcconfig"; sourceTree = "<group>"; };
		E54508579AC09D89A254FDDB /* Pods-MegaLivelyShoe.debug.xcconfig */ = {isa = PBXFileReference; includeInIndex = 1; lastKnownFileType = text.xcconfig; name = "Pods-MegaLivelyShoe.debug.xcconfig"; path = "Pods/Target Support Files/Pods-MegaLivelyShoe/Pods-MegaLivelyShoe.debug.xcconfig"; sourceTree = "<group>"; };
/* End PBXFileReference section */

/* Begin PBXFrameworksBuildPhase section */
		63AB4C861FE3F149002D7DB4 /* Frameworks */ = {
			isa = PBXFrameworksBuildPhase;
			buildActionMask = 2147483647;
			files = (
				63F5D2211FE9DA1C005AF097 /* Alamofire.framework in Frameworks */,
				63F5D21F1FE9D995005AF097 /* IQKeyboardManagerSwift.framework in Frameworks */,
				812A9BDC2D9D65BB07A0038B /* Pods_MegaLivelyShoe.framework in Frameworks */,
			);
			runOnlyForDeploymentPostprocessing = 0;
		};
		63AB4C9A1FE3F14A002D7DB4 /* Frameworks */ = {
			isa = PBXFrameworksBuildPhase;
			buildActionMask = 2147483647;
			files = (
			);
			runOnlyForDeploymentPostprocessing = 0;
		};
		63AB4CA51FE3F14A002D7DB4 /* Frameworks */ = {
			isa = PBXFrameworksBuildPhase;
			buildActionMask = 2147483647;
			files = (
			);
			runOnlyForDeploymentPostprocessing = 0;
		};
/* End PBXFrameworksBuildPhase section */

/* Begin PBXGroup section */
		37B4337C5F78BCF4D8BFAC59 /* Frameworks */ = {
			isa = PBXGroup;
			children = (
				63F5D2221FE9DA1C005AF097 /* Alamofire.framework */,
				63F5D2201FE9D995005AF097 /* IQKeyboardManagerSwift.framework */,
				63F5D2141FE9D764005AF097 /* Alamofire.framework */,
				635506AD1FE86F06009CAE17 /* SQLite.framework */,
				1158D498EB3998BB4055A443 /* Pods_MegaLivelyShoe.framework */,
			);
			name = Frameworks;
			sourceTree = "<group>";
		};
		635506B41FE8830A009CAE17 /* Contoller */ = {
			isa = PBXGroup;
			children = (
				635506B21FE88270009CAE17 /* ProductsViewTableViewController.swift */,
			);
			path = Contoller;
			sourceTree = "<group>";
		};
		635506B51FE8833A009CAE17 /* Views */ = {
			isa = PBXGroup;
			children = (
				63AB4C901FE3F14A002D7DB4 /* Main.storyboard */,
			);
			path = Views;
			sourceTree = "<group>";
		};
		635506B61FE88343009CAE17 /* Model */ = {
			isa = PBXGroup;
			children = (
			);
			path = Model;
			sourceTree = "<group>";
		};
		63AB4C801FE3F149002D7DB4 = {
			isa = PBXGroup;
			children = (
				638007531FED5C6400BFA6C8 /* effra_bold-webfont.eot */,
				638007541FED5C6400BFA6C8 /* effra_bold-webfont.svg */,
				6380074B1FED5C6200BFA6C8 /* effra_bold-webfont.ttf */,
				638007501FED5C6300BFA6C8 /* effra_bold-webfont.woff */,
				638007521FED5C6400BFA6C8 /* effra_medium-webfont.eot */,
				6380074E1FED5C6300BFA6C8 /* effra_medium-webfont.svg */,
				638007551FED5C6400BFA6C8 /* effra_medium-webfont.ttf */,
				638007561FED5C6400BFA6C8 /* effra_medium-webfont.woff */,
				6380074D1FED5C6300BFA6C8 /* effra_regular-webfont.eot */,
				6380074C1FED5C6300BFA6C8 /* effra_regular-webfont.svg */,
				6380074F1FED5C6300BFA6C8 /* effra_regular-webfont.ttf */,
				638007511FED5C6300BFA6C8 /* effra_regular-webfont.woff */,
				63AB4C8B1FE3F149002D7DB4 /* MegaLivelyShoe */,
				63AB4CA01FE3F14A002D7DB4 /* MegaLivelyShoeTests */,
				63AB4CAB1FE3F14A002D7DB4 /* MegaLivelyShoeUITests */,
				63AB4C8A1FE3F149002D7DB4 /* Products */,
				E21FF78377303D2D2D080A71 /* Pods */,
				37B4337C5F78BCF4D8BFAC59 /* Frameworks */,
			);
			sourceTree = "<group>";
		};
		63AB4C8A1FE3F149002D7DB4 /* Products */ = {
			isa = PBXGroup;
			children = (
				63AB4C891FE3F149002D7DB4 /* MegaLivelyShoe.app */,
				63AB4C9D1FE3F14A002D7DB4 /* MegaLivelyShoeTests.xctest */,
				63AB4CA81FE3F14A002D7DB4 /* MegaLivelyShoeUITests.xctest */,
			);
			name = Products;
			sourceTree = "<group>";
		};
		63AB4C8B1FE3F149002D7DB4 /* MegaLivelyShoe */ = {
			isa = PBXGroup;
			children = (
				638007491FED5BBF00BFA6C8 /* Fonts */,
				635506B61FE88343009CAE17 /* Model */,
				635506B41FE8830A009CAE17 /* Contoller */,
				635506B51FE8833A009CAE17 /* Views */,
				63AB4C8C1FE3F14A002D7DB4 /* AppDelegate.swift */,
				63AB4C8E1FE3F14A002D7DB4 /* ViewController.swift */,
				638007421FED354C00BFA6C8 /* CustomOverlay.swift */,
				638007431FED354D00BFA6C8 /* CustomOverlay.xib */,
				638007411FED354C00BFA6C8 /* CustomPage.swift */,
				638007441FED354D00BFA6C8 /* CustomPage.xib */,
				63AB4C931FE3F14A002D7DB4 /* Assets.xcassets */,
				63AB4C951FE3F14A002D7DB4 /* LaunchScreen.storyboard */,
				63AB4C981FE3F14A002D7DB4 /* Info.plist */,
			);
			path = MegaLivelyShoe;
			sourceTree = "<group>";
		};
		63AB4CA01FE3F14A002D7DB4 /* MegaLivelyShoeTests */ = {
			isa = PBXGroup;
			children = (
				63AB4CA11FE3F14A002D7DB4 /* MegaLivelyShoeTests.swift */,
				63AB4CA31FE3F14A002D7DB4 /* Info.plist */,
			);
			path = MegaLivelyShoeTests;
			sourceTree = "<group>";
		};
		63AB4CAB1FE3F14A002D7DB4 /* MegaLivelyShoeUITests */ = {
			isa = PBXGroup;
			children = (
				63AB4CAC1FE3F14A002D7DB4 /* MegaLivelyShoeUITests.swift */,
				63AB4CAE1FE3F14A002D7DB4 /* Info.plist */,
			);
			path = MegaLivelyShoeUITests;
			sourceTree = "<group>";
		};
		E21FF78377303D2D2D080A71 /* Pods */ = {
			isa = PBXGroup;
			children = (
				E54508579AC09D89A254FDDB /* Pods-MegaLivelyShoe.debug.xcconfig */,
				E4507D5BD06C493D925BC7DC /* Pods-MegaLivelyShoe.release.xcconfig */,
			);
			name = Pods;
			sourceTree = "<group>";
		};
/* End PBXGroup section */

/* Begin PBXNativeTarget section */
		63AB4C881FE3F149002D7DB4 /* MegaLivelyShoe */ = {
			isa = PBXNativeTarget;
			buildConfigurationList = 63AB4CB11FE3F14A002D7DB4 /* Build configuration list for PBXNativeTarget "MegaLivelyShoe" */;
			buildPhases = (
				63146763E07129245C699D1E /* [CP] Check Pods Manifest.lock */,
				63AB4C851FE3F149002D7DB4 /* Sources */,
				63AB4C861FE3F149002D7DB4 /* Frameworks */,
				63AB4C871FE3F149002D7DB4 /* Resources */,
				FED548B7D2868C7C861B267B /* [CP] Embed Pods Frameworks */,
				24AAFD57EEB966D798FA6CD1 /* [CP] Copy Pods Resources */,
			);
			buildRules = (
			);
			dependencies = (
			);
			name = MegaLivelyShoe;
			productName = MegaLivelyShoe;
			productReference = 63AB4C891FE3F149002D7DB4 /* MegaLivelyShoe.app */;
			productType = "com.apple.product-type.application";
		};
		63AB4C9C1FE3F14A002D7DB4 /* MegaLivelyShoeTests */ = {
			isa = PBXNativeTarget;
			buildConfigurationList = 63AB4CB41FE3F14A002D7DB4 /* Build configuration list for PBXNativeTarget "MegaLivelyShoeTests" */;
			buildPhases = (
				63AB4C991FE3F14A002D7DB4 /* Sources */,
				63AB4C9A1FE3F14A002D7DB4 /* Frameworks */,
				63AB4C9B1FE3F14A002D7DB4 /* Resources */,
			);
			buildRules = (
			);
			dependencies = (
				63AB4C9F1FE3F14A002D7DB4 /* PBXTargetDependency */,
			);
			name = MegaLivelyShoeTests;
			productName = MegaLivelyShoeTests;
			productReference = 63AB4C9D1FE3F14A002D7DB4 /* MegaLivelyShoeTests.xctest */;
			productType = "com.apple.product-type.bundle.unit-test";
		};
		63AB4CA71FE3F14A002D7DB4 /* MegaLivelyShoeUITests */ = {
			isa = PBXNativeTarget;
			buildConfigurationList = 63AB4CB71FE3F14A002D7DB4 /* Build configuration list for PBXNativeTarget "MegaLivelyShoeUITests" */;
			buildPhases = (
				63AB4CA41FE3F14A002D7DB4 /* Sources */,
				63AB4CA51FE3F14A002D7DB4 /* Frameworks */,
				63AB4CA61FE3F14A002D7DB4 /* Resources */,
			);
			buildRules = (
			);
			dependencies = (
				63AB4CAA1FE3F14A002D7DB4 /* PBXTargetDependency */,
			);
			name = MegaLivelyShoeUITests;
			productName = MegaLivelyShoeUITests;
			productReference = 63AB4CA81FE3F14A002D7DB4 /* MegaLivelyShoeUITests.xctest */;
			productType = "com.apple.product-type.bundle.ui-testing";
		};
/* End PBXNativeTarget section */

/* Begin PBXProject section */
		63AB4C811FE3F149002D7DB4 /* Project object */ = {
			isa = PBXProject;
			attributes = {
				LastSwiftUpdateCheck = 0920;
				LastUpgradeCheck = 0920;
				ORGANIZATIONNAME = "Grogrd Mn";
				TargetAttributes = {
					63AB4C881FE3F149002D7DB4 = {
						CreatedOnToolsVersion = 9.2;
						ProvisioningStyle = Automatic;
					};
					63AB4C9C1FE3F14A002D7DB4 = {
						CreatedOnToolsVersion = 9.2;
						ProvisioningStyle = Automatic;
						TestTargetID = 63AB4C881FE3F149002D7DB4;
					};
					63AB4CA71FE3F14A002D7DB4 = {
						CreatedOnToolsVersion = 9.2;
						ProvisioningStyle = Automatic;
						TestTargetID = 63AB4C881FE3F149002D7DB4;
					};
				};
			};
			buildConfigurationList = 63AB4C841FE3F149002D7DB4 /* Build configuration list for PBXProject "MegaLivelyShoe" */;
			compatibilityVersion = "Xcode 8.0";
			developmentRegion = en;
			hasScannedForEncodings = 0;
			knownRegions = (
				en,
				Base,
			);
			mainGroup = 63AB4C801FE3F149002D7DB4;
			productRefGroup = 63AB4C8A1FE3F149002D7DB4 /* Products */;
			projectDirPath = "";
			projectRoot = "";
			targets = (
				63AB4C881FE3F149002D7DB4 /* MegaLivelyShoe */,
				63AB4C9C1FE3F14A002D7DB4 /* MegaLivelyShoeTests */,
				63AB4CA71FE3F14A002D7DB4 /* MegaLivelyShoeUITests */,
			);
		};
/* End PBXProject section */

/* Begin PBXResourcesBuildPhase section */
		63AB4C871FE3F149002D7DB4 /* Resources */ = {
			isa = PBXResourcesBuildPhase;
			buildActionMask = 2147483647;
			files = (
				63AB4C971FE3F14A002D7DB4 /* LaunchScreen.storyboard in Resources */,
				63AB4C941FE3F14A002D7DB4 /* Assets.xcassets in Resources */,
				638007481FED354D00BFA6C8 /* CustomPage.xib in Resources */,
				6380074A1FED5BBF00BFA6C8 /* Fonts in Resources */,
				63AB4C921FE3F14A002D7DB4 /* Main.storyboard in Resources */,
				638007471FED354D00BFA6C8 /* CustomOverlay.xib in Resources */,
				638007571FED5C6400BFA6C8 /* effra_bold-webfont.ttf in Resources */,
				638007581FED5C6400BFA6C8 /* effra_regular-webfont.svg in Resources */,
				638007591FED5C6400BFA6C8 /* effra_regular-webfont.eot in Resources */,
				6380075A1FED5C6400BFA6C8 /* effra_medium-webfont.svg in Resources */,
				6380075B1FED5C6400BFA6C8 /* effra_regular-webfont.ttf in Resources */,
				6380075C1FED5C6400BFA6C8 /* effra_bold-webfont.woff in Resources */,
				6380075D1FED5C6400BFA6C8 /* effra_regular-webfont.woff in Resources */,
				6380075E1FED5C6400BFA6C8 /* effra_medium-webfont.eot in Resources */,
				6380075F1FED5C6400BFA6C8 /* effra_bold-webfont.eot in Resources */,
				638007601FED5C6400BFA6C8 /* effra_bold-webfont.svg in Resources */,
				638007611FED5C6400BFA6C8 /* effra_medium-webfont.ttf in Resources */,
				638007621FED5C6400BFA6C8 /* effra_medium-webfont.woff in Resources */,
			);
			runOnlyForDeploymentPostprocessing = 0;
		};
		63AB4C9B1FE3F14A002D7DB4 /* Resources */ = {
			isa = PBXResourcesBuildPhase;
			buildActionMask = 2147483647;
			files = (
			);
			runOnlyForDeploymentPostprocessing = 0;
		};
		63AB4CA61FE3F14A002D7DB4 /* Resources */ = {
			isa = PBXResourcesBuildPhase;
			buildActionMask = 2147483647;
			files = (
			);
			runOnlyForDeploymentPostprocessing = 0;
		};
/* End PBXResourcesBuildPhase section */

/* Begin PBXShellScriptBuildPhase section */
		24AAFD57EEB966D798FA6CD1 /* [CP] Copy Pods Resources */ = {
			isa = PBXShellScriptBuildPhase;
			buildActionMask = 2147483647;
			files = (
			);
			inputPaths = (
			);
			name = "[CP] Copy Pods Resources";
			outputPaths = (
			);
			runOnlyForDeploymentPostprocessing = 0;
			shellPath = /bin/sh;
			shellScript = "\"${SRCROOT}/Pods/Target Support Files/Pods-MegaLivelyShoe/Pods-MegaLivelyShoe-resources.sh\"\n";
			showEnvVarsInLog = 0;
		};
		63146763E07129245C699D1E /* [CP] Check Pods Manifest.lock */ = {
			isa = PBXShellScriptBuildPhase;
			buildActionMask = 2147483647;
			files = (
			);
			inputPaths = (
				"${PODS_PODFILE_DIR_PATH}/Podfile.lock",
				"${PODS_ROOT}/Manifest.lock",
			);
			name = "[CP] Check Pods Manifest.lock";
			outputPaths = (
				"$(DERIVED_FILE_DIR)/Pods-MegaLivelyShoe-checkManifestLockResult.txt",
			);
			runOnlyForDeploymentPostprocessing = 0;
			shellPath = /bin/sh;
			shellScript = "diff \"${PODS_PODFILE_DIR_PATH}/Podfile.lock\" \"${PODS_ROOT}/Manifest.lock\" > /dev/null\nif [ $? != 0 ] ; then\n    # print error to STDERR\n    echo \"error: The sandbox is not in sync with the Podfile.lock. Run 'pod install' or update your CocoaPods installation.\" >&2\n    exit 1\nfi\n# This output is used by Xcode 'outputs' to avoid re-running this script phase.\necho \"SUCCESS\" > \"${SCRIPT_OUTPUT_FILE_0}\"\n";
			showEnvVarsInLog = 0;
		};
		FED548B7D2868C7C861B267B /* [CP] Embed Pods Frameworks */ = {
			isa = PBXShellScriptBuildPhase;
			buildActionMask = 2147483647;
			files = (
			);
			inputPaths = (
				"${SRCROOT}/Pods/Target Support Files/Pods-MegaLivelyShoe/Pods-MegaLivelyShoe-frameworks.sh",
				"${BUILT_PRODUCTS_DIR}/Alamofire/Alamofire.framework",
				"${BUILT_PRODUCTS_DIR}/IQKeyboardManagerSwift/IQKeyboardManagerSwift.framework",
				"${BUILT_PRODUCTS_DIR}/SQLite.swift/SQLite.framework",
				"${BUILT_PRODUCTS_DIR}/SwiftyOnboard/SwiftyOnboard.framework",
			);
			name = "[CP] Embed Pods Frameworks";
			outputPaths = (
				"${TARGET_BUILD_DIR}/${FRAMEWORKS_FOLDER_PATH}/Alamofire.framework",
				"${TARGET_BUILD_DIR}/${FRAMEWORKS_FOLDER_PATH}/IQKeyboardManagerSwift.framework",
				"${TARGET_BUILD_DIR}/${FRAMEWORKS_FOLDER_PATH}/SQLite.framework",
				"${TARGET_BUILD_DIR}/${FRAMEWORKS_FOLDER_PATH}/SwiftyOnboard.framework",
			);
			runOnlyForDeploymentPostprocessing = 0;
			shellPath = /bin/sh;
			shellScript = "\"${SRCROOT}/Pods/Target Support Files/Pods-MegaLivelyShoe/Pods-MegaLivelyShoe-frameworks.sh\"\n";
			showEnvVarsInLog = 0;
		};
/* End PBXShellScriptBuildPhase section */

/* Begin PBXSourcesBuildPhase section */
		63AB4C851FE3F149002D7DB4 /* Sources */ = {
			isa = PBXSourcesBuildPhase;
			buildActionMask = 2147483647;
			files = (
				638007461FED354D00BFA6C8 /* CustomOverlay.swift in Sources */,
				635506B31FE88270009CAE17 /* ProductsViewTableViewController.swift in Sources */,
				63AB4C8F1FE3F14A002D7DB4 /* ViewController.swift in Sources */,
				63AB4C8D1FE3F14A002D7DB4 /* AppDelegate.swift in Sources */,
				638007451FED354D00BFA6C8 /* CustomPage.swift in Sources */,
			);
			runOnlyForDeploymentPostprocessing = 0;
		};
		63AB4C991FE3F14A002D7DB4 /* Sources */ = {
			isa = PBXSourcesBuildPhase;
			buildActionMask = 2147483647;
			files = (
				63AB4CA21FE3F14A002D7DB4 /* MegaLivelyShoeTests.swift in Sources */,
			);
			runOnlyForDeploymentPostprocessing = 0;
		};
		63AB4CA41FE3F14A002D7DB4 /* Sources */ = {
			isa = PBXSourcesBuildPhase;
			buildActionMask = 2147483647;
			files = (
				63AB4CAD1FE3F14A002D7DB4 /* MegaLivelyShoeUITests.swift in Sources */,
			);
			runOnlyForDeploymentPostprocessing = 0;
		};
/* End PBXSourcesBuildPhase section */

/* Begin PBXTargetDependency section */
		63AB4C9F1FE3F14A002D7DB4 /* PBXTargetDependency */ = {
			isa = PBXTargetDependency;
			target = 63AB4C881FE3F149002D7DB4 /* MegaLivelyShoe */;
			targetProxy = 63AB4C9E1FE3F14A002D7DB4 /* PBXContainerItemProxy */;
		};
		63AB4CAA1FE3F14A002D7DB4 /* PBXTargetDependency */ = {
			isa = PBXTargetDependency;
			target = 63AB4C881FE3F149002D7DB4 /* MegaLivelyShoe */;
			targetProxy = 63AB4CA91FE3F14A002D7DB4 /* PBXContainerItemProxy */;
		};
/* End PBXTargetDependency section */

/* Begin PBXVariantGroup section */
		63AB4C901FE3F14A002D7DB4 /* Main.storyboard */ = {
			isa = PBXVariantGroup;
			children = (
				63AB4C911FE3F14A002D7DB4 /* Base */,
			);
			name = Main.storyboard;
			sourceTree = "<group>";
		};
		63AB4C951FE3F14A002D7DB4 /* LaunchScreen.storyboard */ = {
			isa = PBXVariantGroup;
			children = (
				63AB4C961FE3F14A002D7DB4 /* Base */,
			);
			name = LaunchScreen.storyboard;
			sourceTree = "<group>";
		};
/* End PBXVariantGroup section */

/* Begin XCBuildConfiguration section */
		63AB4CAF1FE3F14A002D7DB4 /* Debug */ = {
			isa = XCBuildConfiguration;
			buildSettings = {
				ALWAYS_SEARCH_USER_PATHS = NO;
				CLANG_ANALYZER_NONNULL = YES;
				CLANG_ANALYZER_NUMBER_OBJECT_CONVERSION = YES_AGGRESSIVE;
				CLANG_CXX_LANGUAGE_STANDARD = "gnu++14";
				CLANG_CXX_LIBRARY = "libc++";
				CLANG_ENABLE_MODULES = YES;
				CLANG_ENABLE_OBJC_ARC = YES;
				CLANG_WARN_BLOCK_CAPTURE_AUTORELEASING = YES;
				CLANG_WARN_BOOL_CONVERSION = YES;
				CLANG_WARN_COMMA = YES;
				CLANG_WARN_CONSTANT_CONVERSION = YES;
				CLANG_WARN_DIRECT_OBJC_ISA_USAGE = YES_ERROR;
				CLANG_WARN_DOCUMENTATION_COMMENTS = YES;
				CLANG_WARN_EMPTY_BODY = YES;
				CLANG_WARN_ENUM_CONVERSION = YES;
				CLANG_WARN_INFINITE_RECURSION = YES;
				CLANG_WARN_INT_CONVERSION = YES;
				CLANG_WARN_NON_LITERAL_NULL_CONVERSION = YES;
				CLANG_WARN_OBJC_LITERAL_CONVERSION = YES;
				CLANG_WARN_OBJC_ROOT_CLASS = YES_ERROR;
				CLANG_WARN_RANGE_LOOP_ANALYSIS = YES;
				CLANG_WARN_STRICT_PROTOTYPES = YES;
				CLANG_WARN_SUSPICIOUS_MOVE = YES;
				CLANG_WARN_UNGUARDED_AVAILABILITY = YES_AGGRESSIVE;
				CLANG_WARN_UNREACHABLE_CODE = YES;
				CLANG_WARN__DUPLICATE_METHOD_MATCH = YES;
				CODE_SIGN_IDENTITY = "iPhone Developer";
				COPY_PHASE_STRIP = NO;
				DEBUG_INFORMATION_FORMAT = dwarf;
				ENABLE_STRICT_OBJC_MSGSEND = YES;
				ENABLE_TESTABILITY = YES;
				GCC_C_LANGUAGE_STANDARD = gnu11;
				GCC_DYNAMIC_NO_PIC = NO;
				GCC_NO_COMMON_BLOCKS = YES;
				GCC_OPTIMIZATION_LEVEL = 0;
				GCC_PREPROCESSOR_DEFINITIONS = (
					"DEBUG=1",
					"$(inherited)",
				);
				GCC_WARN_64_TO_32_BIT_CONVERSION = YES;
				GCC_WARN_ABOUT_RETURN_TYPE = YES_ERROR;
				GCC_WARN_UNDECLARED_SELECTOR = YES;
				GCC_WARN_UNINITIALIZED_AUTOS = YES_AGGRESSIVE;
				GCC_WARN_UNUSED_FUNCTION = YES;
				GCC_WARN_UNUSED_VARIABLE = YES;
				IPHONEOS_DEPLOYMENT_TARGET = 11.2;
				MTL_ENABLE_DEBUG_INFO = YES;
				ONLY_ACTIVE_ARCH = YES;
				SDKROOT = iphoneos;
				SWIFT_ACTIVE_COMPILATION_CONDITIONS = DEBUG;
				SWIFT_OPTIMIZATION_LEVEL = "-Onone";
			};
			name = Debug;
		};
		63AB4CB01FE3F14A002D7DB4 /* Release */ = {
			isa = XCBuildConfiguration;
			buildSettings = {
				ALWAYS_SEARCH_USER_PATHS = NO;
				CLANG_ANALYZER_NONNULL = YES;
				CLANG_ANALYZER_NUMBER_OBJECT_CONVERSION = YES_AGGRESSIVE;
				CLANG_CXX_LANGUAGE_STANDARD = "gnu++14";
				CLANG_CXX_LIBRARY = "libc++";
				CLANG_ENABLE_MODULES = YES;
				CLANG_ENABLE_OBJC_ARC = YES;
				CLANG_WARN_BLOCK_CAPTURE_AUTORELEASING = YES;
				CLANG_WARN_BOOL_CONVERSION = YES;
				CLANG_WARN_COMMA = YES;
				CLANG_WARN_CONSTANT_CONVERSION = YES;
				CLANG_WARN_DIRECT_OBJC_ISA_USAGE = YES_ERROR;
				CLANG_WARN_DOCUMENTATION_COMMENTS = YES;
				CLANG_WARN_EMPTY_BODY = YES;
				CLANG_WARN_ENUM_CONVERSION = YES;
				CLANG_WARN_INFINITE_RECURSION = YES;
				CLANG_WARN_INT_CONVERSION = YES;
				CLANG_WARN_NON_LITERAL_NULL_CONVERSION = YES;
				CLANG_WARN_OBJC_LITERAL_CONVERSION = YES;
				CLANG_WARN_OBJC_ROOT_CLASS = YES_ERROR;
				CLANG_WARN_RANGE_LOOP_ANALYSIS = YES;
				CLANG_WARN_STRICT_PROTOTYPES = YES;
				CLANG_WARN_SUSPICIOUS_MOVE = YES;
				CLANG_WARN_UNGUARDED_AVAILABILITY = YES_AGGRESSIVE;
				CLANG_WARN_UNREACHABLE_CODE = YES;
				CLANG_WARN__DUPLICATE_METHOD_MATCH = YES;
				CODE_SIGN_IDENTITY = "iPhone Developer";
				COPY_PHASE_STRIP = NO;
				DEBUG_INFORMATION_FORMAT = "dwarf-with-dsym";
				ENABLE_NS_ASSERTIONS = NO;
				ENABLE_STRICT_OBJC_MSGSEND = YES;
				GCC_C_LANGUAGE_STANDARD = gnu11;
				GCC_NO_COMMON_BLOCKS = YES;
				GCC_WARN_64_TO_32_BIT_CONVERSION = YES;
				GCC_WARN_ABOUT_RETURN_TYPE = YES_ERROR;
				GCC_WARN_UNDECLARED_SELECTOR = YES;
				GCC_WARN_UNINITIALIZED_AUTOS = YES_AGGRESSIVE;
				GCC_WARN_UNUSED_FUNCTION = YES;
				GCC_WARN_UNUSED_VARIABLE = YES;
				IPHONEOS_DEPLOYMENT_TARGET = 11.2;
				MTL_ENABLE_DEBUG_INFO = NO;
				SDKROOT = iphoneos;
				SWIFT_OPTIMIZATION_LEVEL = "-Owholemodule";
				VALIDATE_PRODUCT = YES;
			};
			name = Release;
		};
		63AB4CB21FE3F14A002D7DB4 /* Debug */ = {
			isa = XCBuildConfiguration;
			baseConfigurationReference = E54508579AC09D89A254FDDB /* Pods-MegaLivelyShoe.debug.xcconfig */;
			buildSettings = {
				ASSETCATALOG_COMPILER_APPICON_NAME = AppIcon;
				CODE_SIGN_STYLE = Automatic;
				DEVELOPMENT_TEAM = KH9B7ZJ7EE;
				INFOPLIST_FILE = MegaLivelyShoe/Info.plist;
				LD_RUNPATH_SEARCH_PATHS = "$(inherited) @executable_path/Frameworks";
				PRODUCT_BUNDLE_IDENTIFIER = com.ict.su.MegaLivelyShoe;
				PRODUCT_NAME = "$(TARGET_NAME)";
				SWIFT_VERSION = 4.0;
				TARGETED_DEVICE_FAMILY = "1,2";
			};
			name = Debug;
		};
		63AB4CB31FE3F14A002D7DB4 /* Release */ = {
			isa = XCBuildConfiguration;
			baseConfigurationReference = E4507D5BD06C493D925BC7DC /* Pods-MegaLivelyShoe.release.xcconfig */;
			buildSettings = {
				ASSETCATALOG_COMPILER_APPICON_NAME = AppIcon;
				CODE_SIGN_STYLE = Automatic;
				DEVELOPMENT_TEAM = KH9B7ZJ7EE;
				INFOPLIST_FILE = MegaLivelyShoe/Info.plist;
				LD_RUNPATH_SEARCH_PATHS = "$(inherited) @executable_path/Frameworks";
				PRODUCT_BUNDLE_IDENTIFIER = com.ict.su.MegaLivelyShoe;
				PRODUCT_NAME = "$(TARGET_NAME)";
				SWIFT_VERSION = 4.0;
				TARGETED_DEVICE_FAMILY = "1,2";
			};
			name = Release;
		};
		63AB4CB51FE3F14A002D7DB4 /* Debug */ = {
			isa = XCBuildConfiguration;
			buildSettings = {
				ALWAYS_EMBED_SWIFT_STANDARD_LIBRARIES = YES;
				BUNDLE_LOADER = "$(TEST_HOST)";
				CODE_SIGN_STYLE = Automatic;
				INFOPLIST_FILE = MegaLivelyShoeTests/Info.plist;
				LD_RUNPATH_SEARCH_PATHS = "$(inherited) @executable_path/Frameworks @loader_path/Frameworks";
				PRODUCT_BUNDLE_IDENTIFIER = com.ict.su.MegaLivelyShoeTests;
				PRODUCT_NAME = "$(TARGET_NAME)";
				SWIFT_VERSION = 4.0;
				TARGETED_DEVICE_FAMILY = "1,2";
				TEST_HOST = "$(BUILT_PRODUCTS_DIR)/MegaLivelyShoe.app/MegaLivelyShoe";
			};
			name = Debug;
		};
		63AB4CB61FE3F14A002D7DB4 /* Release */ = {
			isa = XCBuildConfiguration;
			buildSettings = {
				ALWAYS_EMBED_SWIFT_STANDARD_LIBRARIES = YES;
				BUNDLE_LOADER = "$(TEST_HOST)";
				CODE_SIGN_STYLE = Automatic;
				INFOPLIST_FILE = MegaLivelyShoeTests/Info.plist;
				LD_RUNPATH_SEARCH_PATHS = "$(inherited) @executable_path/Frameworks @loader_path/Frameworks";
				PRODUCT_BUNDLE_IDENTIFIER = com.ict.su.MegaLivelyShoeTests;
				PRODUCT_NAME = "$(TARGET_NAME)";
				SWIFT_VERSION = 4.0;
				TARGETED_DEVICE_FAMILY = "1,2";
				TEST_HOST = "$(BUILT_PRODUCTS_DIR)/MegaLivelyShoe.app/MegaLivelyShoe";
			};
			name = Release;
		};
		63AB4CB81FE3F14A002D7DB4 /* Debug */ = {
			isa = XCBuildConfiguration;
			buildSettings = {
				ALWAYS_EMBED_SWIFT_STANDARD_LIBRARIES = YES;
				CODE_SIGN_STYLE = Automatic;
				INFOPLIST_FILE = MegaLivelyShoeUITests/Info.plist;
				LD_RUNPATH_SEARCH_PATHS = "$(inherited) @executable_path/Frameworks @loader_path/Frameworks";
				PRODUCT_BUNDLE_IDENTIFIER = com.ict.su.MegaLivelyShoeUITests;
				PRODUCT_NAME = "$(TARGET_NAME)";
				SWIFT_VERSION = 4.0;
				TARGETED_DEVICE_FAMILY = "1,2";
				TEST_TARGET_NAME = MegaLivelyShoe;
			};
			name = Debug;
		};
		63AB4CB91FE3F14A002D7DB4 /* Release */ = {
			isa = XCBuildConfiguration;
			buildSettings = {
				ALWAYS_EMBED_SWIFT_STANDARD_LIBRARIES = YES;
				CODE_SIGN_STYLE = Automatic;
				INFOPLIST_FILE = MegaLivelyShoeUITests/Info.plist;
				LD_RUNPATH_SEARCH_PATHS = "$(inherited) @executable_path/Frameworks @loader_path/Frameworks";
				PRODUCT_BUNDLE_IDENTIFIER = com.ict.su.MegaLivelyShoeUITests;
				PRODUCT_NAME = "$(TARGET_NAME)";
				SWIFT_VERSION = 4.0;
				TARGETED_DEVICE_FAMILY = "1,2";
				TEST_TARGET_NAME = MegaLivelyShoe;
			};
			name = Release;
		};
/* End XCBuildConfiguration section */

/* Begin XCConfigurationList section */
		63AB4C841FE3F149002D7DB4 /* Build configuration list for PBXProject "MegaLivelyShoe" */ = {
			isa = XCConfigurationList;
			buildConfigurations = (
				63AB4CAF1FE3F14A002D7DB4 /* Debug */,
				63AB4CB01FE3F14A002D7DB4 /* Release */,
			);
			defaultConfigurationIsVisible = 0;
			defaultConfigurationName = Release;
		};
		63AB4CB11FE3F14A002D7DB4 /* Build configuration list for PBXNativeTarget "MegaLivelyShoe" */ = {
			isa = XCConfigurationList;
			buildConfigurations = (
				63AB4CB21FE3F14A002D7DB4 /* Debug */,
				63AB4CB31FE3F14A002D7DB4 /* Release */,
			);
			defaultConfigurationIsVisible = 0;
			defaultConfigurationName = Release;
		};
		63AB4CB41FE3F14A002D7DB4 /* Build configuration list for PBXNativeTarget "MegaLivelyShoeTests" */ = {
			isa = XCConfigurationList;
			buildConfigurations = (
				63AB4CB51FE3F14A002D7DB4 /* Debug */,
				63AB4CB61FE3F14A002D7DB4 /* Release */,
			);
			defaultConfigurationIsVisible = 0;
			defaultConfigurationName = Release;
		};
		63AB4CB71FE3F14A002D7DB4 /* Build configuration list for PBXNativeTarget "MegaLivelyShoeUITests" */ = {
			isa = XCConfigurationList;
			buildConfigurations = (
				63AB4CB81FE3F14A002D7DB4 /* Debug */,
				63AB4CB91FE3F14A002D7DB4 /* Release */,
			);
			defaultConfigurationIsVisible = 0;
			defaultConfigurationName = Release;
		};
/* End XCConfigurationList section */
	};
	rootObject = 63AB4C811FE3F149002D7DB4 /* Project object */;
}
